Microsoft Visual Studio Solution File, Format Version 12.00
# Visual Studio 14
VisualStudioVersion = 14.0.25420.1
MinimumVisualStudioVersion = 10.0.40219.1
Project("{8BC9CEB8-8B4A-11D0-8D11-00A0C91BC942}") = "Translation Aggregator", "exe\Translation Aggregator.vcxproj", "{0A8742E2-930E-400E-82D0-ABD74B7DE3AD}"
EndProject
Project("{8BC9CEB8-8B4A-11D0-8D11-00A0C91BC942}") = "Translation Aggregator dll", "dll\Translation Aggregator dll.vcxproj", "{0138CFA2-3243-427F-9766-188912797562}"
EndProject
Global
	GlobalSection(SolutionConfigurationPlatforms) = preSolution
		Debug|Win32 = Debug|Win32
		Release WinXP|Win32 = Release WinXP|Win32
		Release|Win32 = Release|Win32
	EndGlobalSection
	GlobalSection(ProjectConfigurationPlatforms) = postSolution
		{0A8742E2-930E-400E-82D0-ABD74B7DE3AD}.Debug|Win32.ActiveCfg = Debug|Win32
		{0A8742E2-930E-400E-82D0-ABD74B7DE3AD}.Debug|Win32.Build.0 = Debug|Win32
		{0A8742E2-930E-400E-82D0-ABD74B7DE3AD}.Release WinXP|Win32.ActiveCfg = Release WinXP|Win32
		{0A8742E2-930E-400E-82D0-ABD74B7DE3AD}.Release WinXP|Win32.Build.0 = Release WinXP|Win32
		{0A8742E2-930E-400E-82D0-ABD74B7DE3AD}.Release|Win32.ActiveCfg = Release|Win32
		{0A8742E2-930E-400E-82D0-ABD74B7DE3AD}.Release|Win32.Build.0 = Release|Win32
		{0138CFA2-3243-427F-9766-188912797562}.Debug|Win32.ActiveCfg = Debug|Win32
		{0138CFA2-3243-427F-9766-188912797562}.Debug|Win32.Build.0 = Debug|Win32
		{0138CFA2-3243-427F-9766-188912797562}.Release WinXP|Win32.ActiveCfg = Release WinXP|Win32
		{0138CFA2-3243-427F-9766-188912797562}.Release WinXP|Win32.Build.0 = Release WinXP|Win32
		{0138CFA2-3243-427F-9766-188912797562}.Release|Win32.ActiveCfg = Release|Win32
		{0138CFA2-3243-427F-9766-188912797562}.Release|Win32.Build.0 = Release|Win32
	EndGlobalSection
	GlobalSection(SolutionProperties) = preSolution
		HideSolutionNode = FALSE
	EndGlobalSection
	GlobalSection(ExtensibilityGlobals) = postSolution
		AMDCaProjectFile = D:\My Programs\Translation Aggregator\CodeAnalyst\Translation Aggregator.caw
	EndGlobalSection
EndGlobal
