<?xml version="1.0" encoding="utf-8"?>
<Project ToolsVersion="4.0" xmlns="http://schemas.microsoft.com/developer/msbuild/2003">
  <ItemGroup>
    <Filter Include="Source Files">
      <UniqueIdentifier>{6fc14751-fc16-4a62-841f-620790d4a71c}</UniqueIdentifier>
    </Filter>
    <Filter Include="Source Files\Hooks">
      <UniqueIdentifier>{2956ed76-e19b-4ca3-95dd-3a2cb6852cef}</UniqueIdentifier>
    </Filter>
    <Filter Include="Header">
      <UniqueIdentifier>{18898451-d211-4405-bb2a-37372838193c}</UniqueIdentifier>
    </Filter>
    <Filter Include="Resource Files">
      <UniqueIdentifier>{a38d6cc5-ec3d-41ca-a7f1-53f9bcdc3a13}</UniqueIdentifier>
      <Extensions>ico;cur;bmp;dlg;rc2;rct;bin;rgs;gif;jpg;jpeg;jpe</Extensions>
    </Filter>
    <Filter Include="Shared">
      <UniqueIdentifier>{4cf391e6-6888-4356-a325-4b976930acd3}</UniqueIdentifier>
    </Filter>
  </ItemGroup>
  <ItemGroup>
    <ClCompile Include="GetText.cpp">
      <Filter>Source Files</Filter>
    </ClCompile>
    <ClCompile Include="Translation Aggregator dll.cpp">
      <Filter>Source Files</Filter>
    </ClCompile>
    <ClCompile Include="WindowTranslator.cpp">
      <Filter>Source Files</Filter>
    </ClCompile>
    <ClCompile Include="Hooks\disasm.cpp">
      <Filter>Source Files\Hooks</Filter>
    </ClCompile>
    <ClCompile Include="Hooks\HookManager.cpp">
      <Filter>Source Files\Hooks</Filter>
    </ClCompile>
    <ClCompile Include="Hooks\TextHooks.cpp">
      <Filter>Source Files\Hooks</Filter>
    </ClCompile>
    <ClCompile Include="..\shared\Shrink.cpp">
      <Filter>Header</Filter>
    </ClCompile>
    <ClCompile Include="..\shared\Atlas.cpp">
      <Filter>Shared</Filter>
    </ClCompile>
    <ClCompile Include="..\shared\DllInjection.cpp">
      <Filter>Shared</Filter>
    </ClCompile>
    <ClCompile Include="..\shared\HookEval.cpp">
      <Filter>Shared</Filter>
    </ClCompile>
    <ClCompile Include="..\shared\ProcessUtil.cpp">
      <Filter>Shared</Filter>
    </ClCompile>
    <ClCompile Include="..\shared\TextHookParser.cpp">
      <Filter>Shared</Filter>
    </ClCompile>
    <ClCompile Include="..\shared\TextRuleSet.cpp">
      <Filter>Shared</Filter>
    </ClCompile>
    <ClCompile Include="..\shared\StringUtil.cpp">
      <Filter>Shared</Filter>
    </ClCompile>
    <ClCompile Include="..\shared\EUCJPtoUTF16.cpp">
      <Filter>Shared</Filter>
    </ClCompile>
  </ItemGroup>
  <ItemGroup>
    <ClInclude Include="GetText.h">
      <Filter>Source Files</Filter>
    </ClInclude>
    <ClInclude Include="WindowTranslator.h">
      <Filter>Source Files</Filter>
    </ClInclude>
    <ClInclude Include="Hooks\disasm.h">
      <Filter>Source Files\Hooks</Filter>
    </ClInclude>
    <ClInclude Include="Hooks\HookManager.h">
      <Filter>Source Files\Hooks</Filter>
    </ClInclude>
    <ClInclude Include="Hooks\TextHooks.h">
      <Filter>Source Files\Hooks</Filter>
    </ClInclude>
    <ClInclude Include="..\shared\Shrink.h">
      <Filter>Header</Filter>
    </ClInclude>
    <ClInclude Include="..\shared\Atlas.h">
      <Filter>Shared</Filter>
    </ClInclude>
    <ClInclude Include="..\shared\ConversionTable.h">
      <Filter>Shared</Filter>
    </ClInclude>
    <ClInclude Include="..\shared\DllInjection.h">
      <Filter>Shared</Filter>
    </ClInclude>
    <ClInclude Include="..\shared\HookEval.h">
      <Filter>Shared</Filter>
    </ClInclude>
    <ClInclude Include="..\shared\InjectionSettings.h">
      <Filter>Shared</Filter>
    </ClInclude>
    <ClInclude Include="..\shared\ProcessUtil.h">
      <Filter>Shared</Filter>
    </ClInclude>
    <ClInclude Include="..\shared\StringUtil.h">
      <Filter>Shared</Filter>
    </ClInclude>
    <ClInclude Include="..\shared\TAPlugin.h">
      <Filter>Shared</Filter>
    </ClInclude>
    <ClInclude Include="..\shared\TextHookParser.h">
      <Filter>Shared</Filter>
    </ClInclude>
    <ClInclude Include="..\shared\TextRuleSet.h">
      <Filter>Shared</Filter>
    </ClInclude>
  </ItemGroup>
  <ItemGroup>
    <None Include="..\shared\ConversionTable.cpp">
      <Filter>Shared</Filter>
    </None>
  </ItemGroup>
</Project>